
Microsoft Visual Studio Solution File, Format Version 12.00
# Visual Studio Version 17
VisualStudioVersion = 17.7.34031.279
MinimumVisualStudioVersion = 10.0.40219.1
Project("{FAE04EC0-301F-11D3-BF4B-00C04F79EFBC}") = "WpfApp5", "WpfApp5\WpfApp5.csproj", "{E78C429E-9B09-4ABC-8B9C-C65BBD475FA1}"
EndProject
Global
	GlobalSection(SolutionConfigurationPlatforms) = preSolution
		Debug|Any CPU = Debug|Any CPU
		Release|Any CPU = Release|Any CPU
	EndGlobalSection
	GlobalSection(ProjectConfigurationPlatforms) = postSolution
		{E78C429E-9B09-4ABC-8B9C-C65BBD475FA1}.Debug|Any CPU.ActiveCfg = Debug|Any CPU
		{E78C429E-9B09-4ABC-8B9C-C65BBD475FA1}.Debug|Any CPU.Build.0 = Debug|Any CPU
		{E78C429E-9B09-4ABC-8B9C-C65BBD475FA1}.Release|Any CPU.ActiveCfg = Release|Any CPU
		{E78C429E-9B09-4ABC-8B9C-C65BBD475FA1}.Release|Any CPU.Build.0 = Release|Any CPU
	EndGlobalSection
	GlobalSection(SolutionProperties) = preSolution
		HideSolutionNode = FALSE
	EndGlobalSection
	GlobalSection(ExtensibilityGlobals) = postSolution
		SolutionGuid = {04093D90-25F9-45C6-AD1B-9F318996A624}
	EndGlobalSection
EndGlobal
